
Microsoft Visual Studio Solution File, Format Version 12.00
# Visual Studio Version 18
VisualStudioVersion = 18.0.11222.15 d18.0
MinimumVisualStudioVersion = 10.0.40219.1
Project("{FAE04EC0-301F-11D3-BF4B-00C04F79EFBC}") = "Template.API", "Template.API\Template.API.csproj", "{493840A3-50FF-4F5D-AD4C-63C82FEC9B62}"
EndProject
Project("{FAE04EC0-301F-11D3-BF4B-00C04F79EFBC}") = "Template.Business", "Template.Business\Template.Business.csproj", "{495ABA74-1104-4D37-B57B-D9FA6115C4AA}"
EndProject
Project("{FAE04EC0-301F-11D3-BF4B-00C04F79EFBC}") = "Template.Database", "Template.Database\Template.Database.csproj", "{DD472C19-9A17-4247-B043-26FABCBB0054}"
EndProject
Project("{FAE04EC0-301F-11D3-BF4B-00C04F79EFBC}") = "Template.Library", "Template.Library\Template.Library.csproj", "{167A720D-9937-4391-A2F6-19ED3FBBFEBC}"
EndProject
Project("{FAE04EC0-301F-11D3-BF4B-00C04F79EFBC}") = "Template.Console", "Template.Console\Template.Console.csproj", "{9EEC960D-1297-4B99-A7D8-6766F394448B}"
EndProject
Project("{FAE04EC0-301F-11D3-BF4B-00C04F79EFBC}") = "Template.WorkerService", "Template.WorkerService\Template.WorkerService.csproj", "{C4C2E2AA-2611-48BB-AAA6-8929DCC81CF2}"
EndProject
Project("{2150E333-8FDC-42A3-9474-1A3956D46DE8}") = "Solution Items", "Solution Items", "{9FAA7620-9706-47DF-9EF8-528F25284FFB}"
	ProjectSection(SolutionItems) = preProject
		DumyCodes.txt = DumyCodes.txt
	EndProjectSection
EndProject
Project("{FAE04EC0-301F-11D3-BF4B-00C04F79EFBC}") = "Template.Portal", "Template.Portal\Template.Portal.csproj", "{E5201C71-FCC0-4D6A-A2A5-762A448E66C8}"
EndProject
Global
	GlobalSection(SolutionConfigurationPlatforms) = preSolution
		Debug|Any CPU = Debug|Any CPU
		Release|Any CPU = Release|Any CPU
	EndGlobalSection
	GlobalSection(ProjectConfigurationPlatforms) = postSolution
		{493840A3-50FF-4F5D-AD4C-63C82FEC9B62}.Debug|Any CPU.ActiveCfg = Debug|Any CPU
		{493840A3-50FF-4F5D-AD4C-63C82FEC9B62}.Debug|Any CPU.Build.0 = Debug|Any CPU
		{493840A3-50FF-4F5D-AD4C-63C82FEC9B62}.Release|Any CPU.ActiveCfg = Release|Any CPU
		{493840A3-50FF-4F5D-AD4C-63C82FEC9B62}.Release|Any CPU.Build.0 = Release|Any CPU
		{495ABA74-1104-4D37-B57B-D9FA6115C4AA}.Debug|Any CPU.ActiveCfg = Debug|Any CPU
		{495ABA74-1104-4D37-B57B-D9FA6115C4AA}.Debug|Any CPU.Build.0 = Debug|Any CPU
		{495ABA74-1104-4D37-B57B-D9FA6115C4AA}.Release|Any CPU.ActiveCfg = Release|Any CPU
		{495ABA74-1104-4D37-B57B-D9FA6115C4AA}.Release|Any CPU.Build.0 = Release|Any CPU
		{DD472C19-9A17-4247-B043-26FABCBB0054}.Debug|Any CPU.ActiveCfg = Debug|Any CPU
		{DD472C19-9A17-4247-B043-26FABCBB0054}.Debug|Any CPU.Build.0 = Debug|Any CPU
		{DD472C19-9A17-4247-B043-26FABCBB0054}.Release|Any CPU.ActiveCfg = Release|Any CPU
		{DD472C19-9A17-4247-B043-26FABCBB0054}.Release|Any CPU.Build.0 = Release|Any CPU
		{167A720D-9937-4391-A2F6-19ED3FBBFEBC}.Debug|Any CPU.ActiveCfg = Debug|Any CPU
		{167A720D-9937-4391-A2F6-19ED3FBBFEBC}.Debug|Any CPU.Build.0 = Debug|Any CPU
		{167A720D-9937-4391-A2F6-19ED3FBBFEBC}.Release|Any CPU.ActiveCfg = Release|Any CPU
		{167A720D-9937-4391-A2F6-19ED3FBBFEBC}.Release|Any CPU.Build.0 = Release|Any CPU
		{9EEC960D-1297-4B99-A7D8-6766F394448B}.Debug|Any CPU.ActiveCfg = Debug|Any CPU
		{9EEC960D-1297-4B99-A7D8-6766F394448B}.Debug|Any CPU.Build.0 = Debug|Any CPU
		{9EEC960D-1297-4B99-A7D8-6766F394448B}.Release|Any CPU.ActiveCfg = Release|Any CPU
		{9EEC960D-1297-4B99-A7D8-6766F394448B}.Release|Any CPU.Build.0 = Release|Any CPU
		{C4C2E2AA-2611-48BB-AAA6-8929DCC81CF2}.Debug|Any CPU.ActiveCfg = Debug|Any CPU
		{C4C2E2AA-2611-48BB-AAA6-8929DCC81CF2}.Debug|Any CPU.Build.0 = Debug|Any CPU
		{C4C2E2AA-2611-48BB-AAA6-8929DCC81CF2}.Release|Any CPU.ActiveCfg = Release|Any CPU
		{C4C2E2AA-2611-48BB-AAA6-8929DCC81CF2}.Release|Any CPU.Build.0 = Release|Any CPU
		{E5201C71-FCC0-4D6A-A2A5-762A448E66C8}.Debug|Any CPU.ActiveCfg = Debug|Any CPU
		{E5201C71-FCC0-4D6A-A2A5-762A448E66C8}.Debug|Any CPU.Build.0 = Debug|Any CPU
		{E5201C71-FCC0-4D6A-A2A5-762A448E66C8}.Release|Any CPU.ActiveCfg = Release|Any CPU
		{E5201C71-FCC0-4D6A-A2A5-762A448E66C8}.Release|Any CPU.Build.0 = Release|Any CPU
	EndGlobalSection
	GlobalSection(SolutionProperties) = preSolution
		HideSolutionNode = FALSE
	EndGlobalSection
	GlobalSection(ExtensibilityGlobals) = postSolution
		SolutionGuid = {90D29CF3-2632-4906-A339-D9BDD36D0022}
	EndGlobalSection
EndGlobal
